
Microsoft Visual Studio Solution File, Format Version 12.00
# Visual Studio Version 17
VisualStudioVersion = 17.11.35222.181
MinimumVisualStudioVersion = 10.0.40219.1
Project("{FAE04EC0-301F-11D3-BF4B-00C04F79EFBC}") = "lab3", "lab3\lab3.csproj", "{83249373-6B43-4B6B-9CCC-136E9043F7EC}"
EndProject
Global
	GlobalSection(SolutionConfigurationPlatforms) = preSolution
		Debug|Any CPU = Debug|Any CPU
		Release|Any CPU = Release|Any CPU
	EndGlobalSection
	GlobalSection(ProjectConfigurationPlatforms) = postSolution
		{83249373-6B43-4B6B-9CCC-136E9043F7EC}.Debug|Any CPU.ActiveCfg = Debug|Any CPU
		{83249373-6B43-4B6B-9CCC-136E9043F7EC}.Debug|Any CPU.Build.0 = Debug|Any CPU
		{83249373-6B43-4B6B-9CCC-136E9043F7EC}.Release|Any CPU.ActiveCfg = Release|Any CPU
		{83249373-6B43-4B6B-9CCC-136E9043F7EC}.Release|Any CPU.Build.0 = Release|Any CPU
	EndGlobalSection
	GlobalSection(SolutionProperties) = preSolution
		HideSolutionNode = FALSE
	EndGlobalSection
	GlobalSection(ExtensibilityGlobals) = postSolution
		SolutionGuid = {B4896903-D28E-4E12-9B9A-10BA06D6A1EF}
	EndGlobalSection
EndGlobal
